
Microsoft Visual Studio Solution File, Format Version 12.00
# Visual Studio 15
VisualStudioVersion = 15.0.27703.2035
MinimumVisualStudioVersion = 10.0.40219.1
Project("{FAE04EC0-301F-11D3-BF4B-00C04F79EFBC}") = "StaticPageLibraryTemplate", "StaticPageLibraryTemplate\StaticPageLibraryTemplate.csproj", "{D1EEB44D-A8CB-40AD-AE3E-A874FB8A2CDF}"
EndProject
Global
	GlobalSection(SolutionConfigurationPlatforms) = preSolution
		Debug|Any CPU = Debug|Any CPU
		Release|Any CPU = Release|Any CPU
	EndGlobalSection
	GlobalSection(ProjectConfigurationPlatforms) = postSolution
		{D1EEB44D-A8CB-40AD-AE3E-A874FB8A2CDF}.Debug|Any CPU.ActiveCfg = Debug|Any CPU
		{D1EEB44D-A8CB-40AD-AE3E-A874FB8A2CDF}.Debug|Any CPU.Build.0 = Debug|Any CPU
		{D1EEB44D-A8CB-40AD-AE3E-A874FB8A2CDF}.Release|Any CPU.ActiveCfg = Release|Any CPU
		{D1EEB44D-A8CB-40AD-AE3E-A874FB8A2CDF}.Release|Any CPU.Build.0 = Release|Any CPU
	EndGlobalSection
	GlobalSection(SolutionProperties) = preSolution
		HideSolutionNode = FALSE
	EndGlobalSection
	GlobalSection(ExtensibilityGlobals) = postSolution
		SolutionGuid = {296F4216-21B5-4C1E-AEE2-1C28489DB49D}
	EndGlobalSection
EndGlobal
